<Solution>
  <Folder Name="/.root/">
    <File Path=".editorconfig" />
    <File Path=".gitignore" />
    <File Path="Directory.Build.props" />
    <File Path="Directory.Packages.props" />
  </Folder>
  <Project Path="AdventOfCode.Common/AdventOfCode.Common.csproj" />
  <Project Path="AdventOfCode.Puzzles/2025/AdventOfCode.Puzzles.2025.csproj" />
  <Project Path="AdventOfCode.Runner/AdventOfCode.Runner.csproj" />
</Solution>
